
Microsoft Visual Studio Solution File, Format Version 12.00
# Visual Studio Version 16
VisualStudioVersion = 16.0.34031.81
MinimumVisualStudioVersion = 10.0.40219.1
Project("{2150E333-8FDC-42A3-9474-1A3956D46DE8}") = "Task0", "Task0", "{2A8BCEC4-6DAF-4535-92AD-B3A43A12EDEE}"
EndProject
Project("{FAE04EC0-301F-11D3-BF4B-00C04F79EFBC}") = "Tyuiu.VoroshilovNA.Sprint0.Task0.V0", "Tyuiu.VoroshilovNA.Sprint0.Task0.V0\Tyuiu.VoroshilovNA.Sprint0.Task0.V0.csproj", "{9851E44E-5EEC-40FD-80FE-B39F5AC16362}"
EndProject
Project("{2150E333-8FDC-42A3-9474-1A3956D46DE8}") = "Task1", "Task1", "{160BC19E-781C-4F08-B986-9781F379220A}"
EndProject
Project("{FAE04EC0-301F-11D3-BF4B-00C04F79EFBC}") = "Tyuiu.VoroshilovNA.Sprint0.Task1.V0", "Tyuiu.VoroshilovNA.Sprint0.Task1.V0\Tyuiu.VoroshilovNA.Sprint0.Task1.V0.csproj", "{9ED4E886-BFB0-4DD6-889A-4E4CB7B415B6}"
EndProject
Project("{2150E333-8FDC-42A3-9474-1A3956D46DE8}") = "Task2", "Task2", "{E3DD7AB9-475B-4D4D-A417-F6D7D7D434A0}"
EndProject
Project("{FAE04EC0-301F-11D3-BF4B-00C04F79EFBC}") = "Tyuiu.VoroshilovNA.Sprint0.Task2.V0", "Tyuiu.VoroshilovNA.Sprint0.Task2.V0\Tyuiu.VoroshilovNA.Sprint0.Task2.V0.csproj", "{3D62CD2B-464C-47BF-B3C0-BBEC2DF348D4}"
EndProject
Project("{FAE04EC0-301F-11D3-BF4B-00C04F79EFBC}") = "Tyuiu.VoroshilovNA.Sprint0.Task2.V0.Lib", "Tyuiu.VoroshilovNA.Sprint0.Task2.V0.Lib\Tyuiu.VoroshilovNA.Sprint0.Task2.V0.Lib.csproj", "{4C498CBB-DE22-4445-92A2-078EEEDFCB28}"
EndProject
Project("{FAE04EC0-301F-11D3-BF4B-00C04F79EFBC}") = "Tyuiu.VoroshilovNA.Sprint0.Task2.V0.Test", "Tyuiu.VoroshilovNA.Sprint0.Task2.V0.Test\Tyuiu.VoroshilovNA.Sprint0.Task2.V0.Test.csproj", "{D855DD0B-51F5-41F4-B6B6-873046E5250F}"
EndProject
Project("{2150E333-8FDC-42A3-9474-1A3956D46DE8}") = "Task3", "Task3", "{C4D7FA84-BD57-437B-8D98-CDEA6E439C31}"
EndProject
Project("{FAE04EC0-301F-11D3-BF4B-00C04F79EFBC}") = "Tyuiu.VoroshilovNA.Sprint0.Task3.V0", "Tyuiu.VoroshilovNA.Sprint0.Task3.V0\Tyuiu.VoroshilovNA.Sprint0.Task3.V0.csproj", "{8EAEF7CB-FCFB-4B25-9F61-96EA9FAFE6D4}"
EndProject
Project("{FAE04EC0-301F-11D3-BF4B-00C04F79EFBC}") = "Tyuiu.VoroshilovNA.Sprint0.Task3.V0.Lib", "Tyuiu.VoroshilovNA.Sprint0.Task3.V0.Lib\Tyuiu.VoroshilovNA.Sprint0.Task3.V0.Lib.csproj", "{E59483B4-E00E-41DF-8E2F-C21E5FBCC4FA}"
EndProject
Project("{FAE04EC0-301F-11D3-BF4B-00C04F79EFBC}") = "Tyuiu.VoroshilovNA.Sprint0.Task3.V0.Test", "Tyuiu.VoroshilovNA.Sprint0.Task3.V0.Test\Tyuiu.VoroshilovNA.Sprint0.Task3.V0.Test.csproj", "{C0B543D8-3ECC-490D-9F2C-16BBE4571501}"
EndProject
Project("{2150E333-8FDC-42A3-9474-1A3956D46DE8}") = "Task4", "Task4", "{05810D22-3584-4D58-85EF-11AD93E6AED6}"
EndProject
Project("{FAE04EC0-301F-11D3-BF4B-00C04F79EFBC}") = "Tyuiu.VoroshilovNA.Sprint0.Task4.V0", "Tyuiu.VoroshilovNA.Sprint0.Task4.V0\Tyuiu.VoroshilovNA.Sprint0.Task4.V0.csproj", "{E78429EB-1894-4194-A780-589C1A864EFA}"
EndProject
Project("{FAE04EC0-301F-11D3-BF4B-00C04F79EFBC}") = "Tyuiu.VoroshilovNA.Sprint0.Task4.V0.Lib", "Tyuiu.VoroshilovNA.Sprint0.Task4.V0.Lib\Tyuiu.VoroshilovNA.Sprint0.Task4.V0.Lib.csproj", "{1C8D57B8-CC58-4BE0-B3AF-C5E762890249}"
EndProject
Project("{FAE04EC0-301F-11D3-BF4B-00C04F79EFBC}") = "Tyuiu.VoroshilovNA.Sprint0.Task4.V0.Test", "Tyuiu.VoroshilovNA.Sprint0.Task4.V0.Test\Tyuiu.VoroshilovNA.Sprint0.Task4.V0.Test.csproj", "{72C3560D-B404-42B9-9306-EA4A2F00DAB8}"
EndProject
Project("{2150E333-8FDC-42A3-9474-1A3956D46DE8}") = "Task5", "Task5", "{F9D54B77-0CDE-47DE-9293-D8416E491544}"
EndProject
Project("{FAE04EC0-301F-11D3-BF4B-00C04F79EFBC}") = "Tyuiu.VoroshilovNA.Sprint0.Task5.V0", "Tyuiu.VoroshilovNA.Sprint0.Task5.V0\Tyuiu.VoroshilovNA.Sprint0.Task5.V0.csproj", "{8EBA3A68-DA4B-4715-898D-ED217A6C4B95}"
EndProject
Project("{FAE04EC0-301F-11D3-BF4B-00C04F79EFBC}") = "Tyuiu.VoroshilovNA.Sprint0.Task5.V0.Lib", "Tyuiu.VoroshilovNA.Sprint0.Task5.V0.Lib\Tyuiu.VoroshilovNA.Sprint0.Task5.V0.Lib.csproj", "{87D37714-3711-4824-88FF-1ACA045F1D47}"
EndProject
Project("{FAE04EC0-301F-11D3-BF4B-00C04F79EFBC}") = "Tyuiu.VoroshilovNA.Sprint0.Task5.V0.Test", "Tyuiu.VoroshilovNA.Sprint0.Task5.V0.Test\Tyuiu.VoroshilovNA.Sprint0.Task5.V0.Test.csproj", "{09730AF6-FAA5-42D5-A696-DBB9F598C916}"
EndProject
Global
	GlobalSection(SolutionConfigurationPlatforms) = preSolution
		Debug|Any CPU = Debug|Any CPU
		Release|Any CPU = Release|Any CPU
	EndGlobalSection
	GlobalSection(ProjectConfigurationPlatforms) = postSolution
		{9851E44E-5EEC-40FD-80FE-B39F5AC16362}.Debug|Any CPU.ActiveCfg = Debug|Any CPU
		{9851E44E-5EEC-40FD-80FE-B39F5AC16362}.Debug|Any CPU.Build.0 = Debug|Any CPU
		{9851E44E-5EEC-40FD-80FE-B39F5AC16362}.Release|Any CPU.ActiveCfg = Release|Any CPU
		{9851E44E-5EEC-40FD-80FE-B39F5AC16362}.Release|Any CPU.Build.0 = Release|Any CPU
		{9ED4E886-BFB0-4DD6-889A-4E4CB7B415B6}.Debug|Any CPU.ActiveCfg = Debug|Any CPU
		{9ED4E886-BFB0-4DD6-889A-4E4CB7B415B6}.Debug|Any CPU.Build.0 = Debug|Any CPU
		{9ED4E886-BFB0-4DD6-889A-4E4CB7B415B6}.Release|Any CPU.ActiveCfg = Release|Any CPU
		{9ED4E886-BFB0-4DD6-889A-4E4CB7B415B6}.Release|Any CPU.Build.0 = Release|Any CPU
		{3D62CD2B-464C-47BF-B3C0-BBEC2DF348D4}.Debug|Any CPU.ActiveCfg = Debug|Any CPU
		{3D62CD2B-464C-47BF-B3C0-BBEC2DF348D4}.Debug|Any CPU.Build.0 = Debug|Any CPU
		{3D62CD2B-464C-47BF-B3C0-BBEC2DF348D4}.Release|Any CPU.ActiveCfg = Release|Any CPU
		{3D62CD2B-464C-47BF-B3C0-BBEC2DF348D4}.Release|Any CPU.Build.0 = Release|Any CPU
		{4C498CBB-DE22-4445-92A2-078EEEDFCB28}.Debug|Any CPU.ActiveCfg = Debug|Any CPU
		{4C498CBB-DE22-4445-92A2-078EEEDFCB28}.Debug|Any CPU.Build.0 = Debug|Any CPU
		{4C498CBB-DE22-4445-92A2-078EEEDFCB28}.Release|Any CPU.ActiveCfg = Release|Any CPU
		{4C498CBB-DE22-4445-92A2-078EEEDFCB28}.Release|Any CPU.Build.0 = Release|Any CPU
		{D855DD0B-51F5-41F4-B6B6-873046E5250F}.Debug|Any CPU.ActiveCfg = Debug|Any CPU
		{D855DD0B-51F5-41F4-B6B6-873046E5250F}.Debug|Any CPU.Build.0 = Debug|Any CPU
		{D855DD0B-51F5-41F4-B6B6-873046E5250F}.Release|Any CPU.ActiveCfg = Release|Any CPU
		{D855DD0B-51F5-41F4-B6B6-873046E5250F}.Release|Any CPU.Build.0 = Release|Any CPU
		{8EAEF7CB-FCFB-4B25-9F61-96EA9FAFE6D4}.Debug|Any CPU.ActiveCfg = Debug|Any CPU
		{8EAEF7CB-FCFB-4B25-9F61-96EA9FAFE6D4}.Debug|Any CPU.Build.0 = Debug|Any CPU
		{8EAEF7CB-FCFB-4B25-9F61-96EA9FAFE6D4}.Release|Any CPU.ActiveCfg = Release|Any CPU
		{8EAEF7CB-FCFB-4B25-9F61-96EA9FAFE6D4}.Release|Any CPU.Build.0 = Release|Any CPU
		{E59483B4-E00E-41DF-8E2F-C21E5FBCC4FA}.Debug|Any CPU.ActiveCfg = Debug|Any CPU
		{E59483B4-E00E-41DF-8E2F-C21E5FBCC4FA}.Debug|Any CPU.Build.0 = Debug|Any CPU
		{E59483B4-E00E-41DF-8E2F-C21E5FBCC4FA}.Release|Any CPU.ActiveCfg = Release|Any CPU
		{E59483B4-E00E-41DF-8E2F-C21E5FBCC4FA}.Release|Any CPU.Build.0 = Release|Any CPU
		{C0B543D8-3ECC-490D-9F2C-16BBE4571501}.Debug|Any CPU.ActiveCfg = Debug|Any CPU
		{C0B543D8-3ECC-490D-9F2C-16BBE4571501}.Debug|Any CPU.Build.0 = Debug|Any CPU
		{C0B543D8-3ECC-490D-9F2C-16BBE4571501}.Release|Any CPU.ActiveCfg = Release|Any CPU
		{C0B543D8-3ECC-490D-9F2C-16BBE4571501}.Release|Any CPU.Build.0 = Release|Any CPU
		{E78429EB-1894-4194-A780-589C1A864EFA}.Debug|Any CPU.ActiveCfg = Debug|Any CPU
		{E78429EB-1894-4194-A780-589C1A864EFA}.Debug|Any CPU.Build.0 = Debug|Any CPU
		{E78429EB-1894-4194-A780-589C1A864EFA}.Release|Any CPU.ActiveCfg = Release|Any CPU
		{E78429EB-1894-4194-A780-589C1A864EFA}.Release|Any CPU.Build.0 = Release|Any CPU
		{1C8D57B8-CC58-4BE0-B3AF-C5E762890249}.Debug|Any CPU.ActiveCfg = Debug|Any CPU
		{1C8D57B8-CC58-4BE0-B3AF-C5E762890249}.Debug|Any CPU.Build.0 = Debug|Any CPU
		{1C8D57B8-CC58-4BE0-B3AF-C5E762890249}.Release|Any CPU.ActiveCfg = Release|Any CPU
		{1C8D57B8-CC58-4BE0-B3AF-C5E762890249}.Release|Any CPU.Build.0 = Release|Any CPU
		{72C3560D-B404-42B9-9306-EA4A2F00DAB8}.Debug|Any CPU.ActiveCfg = Debug|Any CPU
		{72C3560D-B404-42B9-9306-EA4A2F00DAB8}.Debug|Any CPU.Build.0 = Debug|Any CPU
		{72C3560D-B404-42B9-9306-EA4A2F00DAB8}.Release|Any CPU.ActiveCfg = Release|Any CPU
		{72C3560D-B404-42B9-9306-EA4A2F00DAB8}.Release|Any CPU.Build.0 = Release|Any CPU
		{8EBA3A68-DA4B-4715-898D-ED217A6C4B95}.Debug|Any CPU.ActiveCfg = Debug|Any CPU
		{8EBA3A68-DA4B-4715-898D-ED217A6C4B95}.Debug|Any CPU.Build.0 = Debug|Any CPU
		{8EBA3A68-DA4B-4715-898D-ED217A6C4B95}.Release|Any CPU.ActiveCfg = Release|Any CPU
		{8EBA3A68-DA4B-4715-898D-ED217A6C4B95}.Release|Any CPU.Build.0 = Release|Any CPU
		{87D37714-3711-4824-88FF-1ACA045F1D47}.Debug|Any CPU.ActiveCfg = Debug|Any CPU
		{87D37714-3711-4824-88FF-1ACA045F1D47}.Debug|Any CPU.Build.0 = Debug|Any CPU
		{87D37714-3711-4824-88FF-1ACA045F1D47}.Release|Any CPU.ActiveCfg = Release|Any CPU
		{87D37714-3711-4824-88FF-1ACA045F1D47}.Release|Any CPU.Build.0 = Release|Any CPU
		{09730AF6-FAA5-42D5-A696-DBB9F598C916}.Debug|Any CPU.ActiveCfg = Debug|Any CPU
		{09730AF6-FAA5-42D5-A696-DBB9F598C916}.Debug|Any CPU.Build.0 = Debug|Any CPU
		{09730AF6-FAA5-42D5-A696-DBB9F598C916}.Release|Any CPU.ActiveCfg = Release|Any CPU
		{09730AF6-FAA5-42D5-A696-DBB9F598C916}.Release|Any CPU.Build.0 = Release|Any CPU
	EndGlobalSection
	GlobalSection(SolutionProperties) = preSolution
		HideSolutionNode = FALSE
	EndGlobalSection
	GlobalSection(NestedProjects) = preSolution
		{9851E44E-5EEC-40FD-80FE-B39F5AC16362} = {2A8BCEC4-6DAF-4535-92AD-B3A43A12EDEE}
		{9ED4E886-BFB0-4DD6-889A-4E4CB7B415B6} = {160BC19E-781C-4F08-B986-9781F379220A}
		{3D62CD2B-464C-47BF-B3C0-BBEC2DF348D4} = {E3DD7AB9-475B-4D4D-A417-F6D7D7D434A0}
		{4C498CBB-DE22-4445-92A2-078EEEDFCB28} = {E3DD7AB9-475B-4D4D-A417-F6D7D7D434A0}
		{D855DD0B-51F5-41F4-B6B6-873046E5250F} = {E3DD7AB9-475B-4D4D-A417-F6D7D7D434A0}
		{8EAEF7CB-FCFB-4B25-9F61-96EA9FAFE6D4} = {C4D7FA84-BD57-437B-8D98-CDEA6E439C31}
		{E59483B4-E00E-41DF-8E2F-C21E5FBCC4FA} = {C4D7FA84-BD57-437B-8D98-CDEA6E439C31}
		{C0B543D8-3ECC-490D-9F2C-16BBE4571501} = {C4D7FA84-BD57-437B-8D98-CDEA6E439C31}
		{E78429EB-1894-4194-A780-589C1A864EFA} = {05810D22-3584-4D58-85EF-11AD93E6AED6}
		{1C8D57B8-CC58-4BE0-B3AF-C5E762890249} = {05810D22-3584-4D58-85EF-11AD93E6AED6}
		{72C3560D-B404-42B9-9306-EA4A2F00DAB8} = {05810D22-3584-4D58-85EF-11AD93E6AED6}
		{8EBA3A68-DA4B-4715-898D-ED217A6C4B95} = {F9D54B77-0CDE-47DE-9293-D8416E491544}
		{87D37714-3711-4824-88FF-1ACA045F1D47} = {F9D54B77-0CDE-47DE-9293-D8416E491544}
		{09730AF6-FAA5-42D5-A696-DBB9F598C916} = {F9D54B77-0CDE-47DE-9293-D8416E491544}
	EndGlobalSection
	GlobalSection(ExtensibilityGlobals) = postSolution
		SolutionGuid = {2416AB7A-F24F-4BCF-8B81-B795C2BAE02F}
	EndGlobalSection
EndGlobal
